
Microsoft Visual Studio Solution File, Format Version 12.00
# Visual Studio Version 17
VisualStudioVersion = 17.0.31912.275
MinimumVisualStudioVersion = 10.0.40219.1
Project("{D954291E-2A0B-460D-934E-DC6B0785DB48}") = "Grafcet.Shared", "Grafcet\Grafcet.Shared\Grafcet.Shared.shproj", "{6279C845-92F8-4333-AB99-3D213163593C}"
EndProject
Project("{2150E333-8FDC-42A3-9474-1A3956D46DE8}") = "Platforms", "Platforms", "{5ED002E7-5BF3-4081-8098-86243BC22965}"
EndProject
Project("{FAE04EC0-301F-11D3-BF4B-00C04F79EFBC}") = "Grafcet.Droid", "Grafcet\Grafcet.Droid\Grafcet.Droid.csproj", "{24E60658-ED4B-45CC-83D5-BB506D01C740}"
EndProject
Project("{FAE04EC0-301F-11D3-BF4B-00C04F79EFBC}") = "Grafcet.iOS", "Grafcet\Grafcet.iOS\Grafcet.iOS.csproj", "{DD5E05F1-BD7A-423F-9F46-0251E19F1DF7}"
EndProject
Project("{FAE04EC0-301F-11D3-BF4B-00C04F79EFBC}") = "Grafcet.UWP", "Grafcet\Grafcet.UWP\Grafcet.UWP.csproj", "{95CB3C84-142D-46A2-8EC7-EC1B8A549D25}"
EndProject
Project("{FAE04EC0-301F-11D3-BF4B-00C04F79EFBC}") = "Grafcet.Wasm", "Grafcet\Grafcet.Wasm\Grafcet.Wasm.csproj", "{4F5FE3B6-4037-4348-A28D-04B6E50DB906}"
EndProject
Project("{FAE04EC0-301F-11D3-BF4B-00C04F79EFBC}") = "Grafcet.macOS", "Grafcet\Grafcet.macOS\Grafcet.macOS.csproj", "{C9B4AFCF-875D-4728-9A4D-4797D8278343}"
EndProject
Project("{FAE04EC0-301F-11D3-BF4B-00C04F79EFBC}") = "Grafcet.Skia.Wpf.Host", "Grafcet\Grafcet.Skia.Wpf.Host\Grafcet.Skia.Wpf.Host.csproj", "{9C99D8AF-9F39-403B-BE3B-033457F945B2}"
EndProject
Project("{FAE04EC0-301F-11D3-BF4B-00C04F79EFBC}") = "Grafcet.Skia.Wpf", "Grafcet\Grafcet.Skia.Wpf\Grafcet.Skia.Wpf.csproj", "{ECA30D3E-A7A4-402C-998B-37AC0214936C}"
EndProject
Project("{FAE04EC0-301F-11D3-BF4B-00C04F79EFBC}") = "Grafcet.Skia.Gtk", "Grafcet\Grafcet.Skia.Gtk\Grafcet.Skia.Gtk.csproj", "{EF9BB0F4-71A7-46C4-93D2-4D262F655E4D}"
EndProject
Project("{FAE04EC0-301F-11D3-BF4B-00C04F79EFBC}") = "Grafcet.Skia.Tizen", "Grafcet\Grafcet.Skia.Tizen\Grafcet.Skia.Tizen.csproj", "{F00FE97C-9664-4170-8C70-5487985AD1A0}"
EndProject
Global
	GlobalSection(SharedMSBuildProjectFiles) = preSolution
		Grafcet\Grafcet.Shared\Grafcet.Shared.projitems*{24e60658-ed4b-45cc-83d5-bb506d01c740}*SharedItemsImports = 4
		Grafcet\Grafcet.Shared\Grafcet.Shared.projitems*{4f5fe3b6-4037-4348-a28d-04b6e50db906}*SharedItemsImports = 5
		Grafcet\Grafcet.Shared\Grafcet.Shared.projitems*{6279c845-92f8-4333-ab99-3d213163593c}*SharedItemsImports = 13
		Grafcet\Grafcet.Shared\Grafcet.Shared.projitems*{95cb3c84-142d-46a2-8ec7-ec1b8a549d25}*SharedItemsImports = 4
		Grafcet\Grafcet.Shared\Grafcet.Shared.projitems*{c9b4afcf-875d-4728-9a4d-4797d8278343}*SharedItemsImports = 4
		Grafcet\Grafcet.Shared\Grafcet.Shared.projitems*{dd5e05f1-bd7a-423f-9f46-0251e19f1df7}*SharedItemsImports = 4
		Grafcet\Grafcet.Shared\Grafcet.Shared.projitems*{eca30d3e-a7a4-402c-998b-37ac0214936c}*SharedItemsImports = 5
		Grafcet\Grafcet.Shared\Grafcet.Shared.projitems*{ef9bb0f4-71a7-46c4-93d2-4d262f655e4d}*SharedItemsImports = 5
		Grafcet\Grafcet.Shared\Grafcet.Shared.projitems*{f00fe97c-9664-4170-8c70-5487985ad1a0}*SharedItemsImports = 5
	EndGlobalSection
	GlobalSection(SolutionConfigurationPlatforms) = preSolution
		Ad-Hoc|Any CPU = Ad-Hoc|Any CPU
		Ad-Hoc|ARM = Ad-Hoc|ARM
		Ad-Hoc|ARM64 = Ad-Hoc|ARM64
		Ad-Hoc|iPhone = Ad-Hoc|iPhone
		Ad-Hoc|iPhoneSimulator = Ad-Hoc|iPhoneSimulator
		Ad-Hoc|x64 = Ad-Hoc|x64
		Ad-Hoc|x86 = Ad-Hoc|x86
		AppStore|Any CPU = AppStore|Any CPU
		AppStore|ARM = AppStore|ARM
		AppStore|ARM64 = AppStore|ARM64
		AppStore|iPhone = AppStore|iPhone
		AppStore|iPhoneSimulator = AppStore|iPhoneSimulator
		AppStore|x64 = AppStore|x64
		AppStore|x86 = AppStore|x86
		Debug|Any CPU = Debug|Any CPU
		Debug|ARM = Debug|ARM
		Debug|ARM64 = Debug|ARM64
		Debug|iPhone = Debug|iPhone
		Debug|iPhoneSimulator = Debug|iPhoneSimulator
		Debug|x64 = Debug|x64
		Debug|x86 = Debug|x86
		Release|Any CPU = Release|Any CPU
		Release|ARM = Release|ARM
		Release|ARM64 = Release|ARM64
		Release|iPhone = Release|iPhone
		Release|iPhoneSimulator = Release|iPhoneSimulator
		Release|x64 = Release|x64
		Release|x86 = Release|x86
	EndGlobalSection
	GlobalSection(ProjectConfigurationPlatforms) = postSolution
		{24E60658-ED4B-45CC-83D5-BB506D01C740}.Ad-Hoc|Any CPU.ActiveCfg = Debug|Any CPU
		{24E60658-ED4B-45CC-83D5-BB506D01C740}.Ad-Hoc|Any CPU.Build.0 = Debug|Any CPU
		{24E60658-ED4B-45CC-83D5-BB506D01C740}.Ad-Hoc|Any CPU.Deploy.0 = Debug|Any CPU
		{24E60658-ED4B-45CC-83D5-BB506D01C740}.Ad-Hoc|ARM.ActiveCfg = Debug|Any CPU
		{24E60658-ED4B-45CC-83D5-BB506D01C740}.Ad-Hoc|ARM.Build.0 = Debug|Any CPU
		{24E60658-ED4B-45CC-83D5-BB506D01C740}.Ad-Hoc|ARM.Deploy.0 = Debug|Any CPU
		{24E60658-ED4B-45CC-83D5-BB506D01C740}.Ad-Hoc|ARM64.ActiveCfg = Debug|Any CPU
		{24E60658-ED4B-45CC-83D5-BB506D01C740}.Ad-Hoc|ARM64.Build.0 = Debug|Any CPU
		{24E60658-ED4B-45CC-83D5-BB506D01C740}.Ad-Hoc|ARM64.Deploy.0 = Debug|Any CPU
		{24E60658-ED4B-45CC-83D5-BB506D01C740}.Ad-Hoc|iPhone.ActiveCfg = Debug|Any CPU
		{24E60658-ED4B-45CC-83D5-BB506D01C740}.Ad-Hoc|iPhone.Build.0 = Debug|Any CPU
		{24E60658-ED4B-45CC-83D5-BB506D01C740}.Ad-Hoc|iPhone.Deploy.0 = Debug|Any CPU
		{24E60658-ED4B-45CC-83D5-BB506D01C740}.Ad-Hoc|iPhoneSimulator.ActiveCfg = Debug|Any CPU
		{24E60658-ED4B-45CC-83D5-BB506D01C740}.Ad-Hoc|iPhoneSimulator.Build.0 = Debug|Any CPU
		{24E60658-ED4B-45CC-83D5-BB506D01C740}.Ad-Hoc|iPhoneSimulator.Deploy.0 = Debug|Any CPU
		{24E60658-ED4B-45CC-83D5-BB506D01C740}.Ad-Hoc|x64.ActiveCfg = Debug|Any CPU
		{24E60658-ED4B-45CC-83D5-BB506D01C740}.Ad-Hoc|x64.Build.0 = Debug|Any CPU
		{24E60658-ED4B-45CC-83D5-BB506D01C740}.Ad-Hoc|x64.Deploy.0 = Debug|Any CPU
		{24E60658-ED4B-45CC-83D5-BB506D01C740}.Ad-Hoc|x86.ActiveCfg = Debug|Any CPU
		{24E60658-ED4B-45CC-83D5-BB506D01C740}.Ad-Hoc|x86.Build.0 = Debug|Any CPU
		{24E60658-ED4B-45CC-83D5-BB506D01C740}.Ad-Hoc|x86.Deploy.0 = Debug|Any CPU
		{24E60658-ED4B-45CC-83D5-BB506D01C740}.AppStore|Any CPU.ActiveCfg = Debug|Any CPU
		{24E60658-ED4B-45CC-83D5-BB506D01C740}.AppStore|Any CPU.Build.0 = Debug|Any CPU
		{24E60658-ED4B-45CC-83D5-BB506D01C740}.AppStore|Any CPU.Deploy.0 = Debug|Any CPU
		{24E60658-ED4B-45CC-83D5-BB506D01C740}.AppStore|ARM.ActiveCfg = Debug|Any CPU
		{24E60658-ED4B-45CC-83D5-BB506D01C740}.AppStore|ARM.Build.0 = Debug|Any CPU
		{24E60658-ED4B-45CC-83D5-BB506D01C740}.AppStore|ARM.Deploy.0 = Debug|Any CPU
		{24E60658-ED4B-45CC-83D5-BB506D01C740}.AppStore|ARM64.ActiveCfg = Debug|Any CPU
		{24E60658-ED4B-45CC-83D5-BB506D01C740}.AppStore|ARM64.Build.0 = Debug|Any CPU
		{24E60658-ED4B-45CC-83D5-BB506D01C740}.AppStore|ARM64.Deploy.0 = Debug|Any CPU
		{24E60658-ED4B-45CC-83D5-BB506D01C740}.AppStore|iPhone.ActiveCfg = Debug|Any CPU
		{24E60658-ED4B-45CC-83D5-BB506D01C740}.AppStore|iPhone.Build.0 = Debug|Any CPU
		{24E60658-ED4B-45CC-83D5-BB506D01C740}.AppStore|iPhone.Deploy.0 = Debug|Any CPU
		{24E60658-ED4B-45CC-83D5-BB506D01C740}.AppStore|iPhoneSimulator.ActiveCfg = Debug|Any CPU
		{24E60658-ED4B-45CC-83D5-BB506D01C740}.AppStore|iPhoneSimulator.Build.0 = Debug|Any CPU
		{24E60658-ED4B-45CC-83D5-BB506D01C740}.AppStore|iPhoneSimulator.Deploy.0 = Debug|Any CPU
		{24E60658-ED4B-45CC-83D5-BB506D01C740}.AppStore|x64.ActiveCfg = Debug|Any CPU
		{24E60658-ED4B-45CC-83D5-BB506D01C740}.AppStore|x64.Build.0 = Debug|Any CPU
		{24E60658-ED4B-45CC-83D5-BB506D01C740}.AppStore|x64.Deploy.0 = Debug|Any CPU
		{24E60658-ED4B-45CC-83D5-BB506D01C740}.AppStore|x86.ActiveCfg = Debug|Any CPU
		{24E60658-ED4B-45CC-83D5-BB506D01C740}.AppStore|x86.Build.0 = Debug|Any CPU
		{24E60658-ED4B-45CC-83D5-BB506D01C740}.AppStore|x86.Deploy.0 = Debug|Any CPU
		{24E60658-ED4B-45CC-83D5-BB506D01C740}.Debug|Any CPU.ActiveCfg = Debug|Any CPU
		{24E60658-ED4B-45CC-83D5-BB506D01C740}.Debug|Any CPU.Build.0 = Debug|Any CPU
		{24E60658-ED4B-45CC-83D5-BB506D01C740}.Debug|Any CPU.Deploy.0 = Debug|Any CPU
		{24E60658-ED4B-45CC-83D5-BB506D01C740}.Debug|ARM.ActiveCfg = Debug|Any CPU
		{24E60658-ED4B-45CC-83D5-BB506D01C740}.Debug|ARM.Build.0 = Debug|Any CPU
		{24E60658-ED4B-45CC-83D5-BB506D01C740}.Debug|ARM.Deploy.0 = Debug|Any CPU
		{24E60658-ED4B-45CC-83D5-BB506D01C740}.Debug|ARM64.ActiveCfg = Debug|Any CPU
		{24E60658-ED4B-45CC-83D5-BB506D01C740}.Debug|ARM64.Build.0 = Debug|Any CPU
		{24E60658-ED4B-45CC-83D5-BB506D01C740}.Debug|ARM64.Deploy.0 = Debug|Any CPU
		{24E60658-ED4B-45CC-83D5-BB506D01C740}.Debug|iPhone.ActiveCfg = Debug|Any CPU
		{24E60658-ED4B-45CC-83D5-BB506D01C740}.Debug|iPhone.Build.0 = Debug|Any CPU
		{24E60658-ED4B-45CC-83D5-BB506D01C740}.Debug|iPhone.Deploy.0 = Debug|Any CPU
		{24E60658-ED4B-45CC-83D5-BB506D01C740}.Debug|iPhoneSimulator.ActiveCfg = Debug|Any CPU
		{24E60658-ED4B-45CC-83D5-BB506D01C740}.Debug|iPhoneSimulator.Build.0 = Debug|Any CPU
		{24E60658-ED4B-45CC-83D5-BB506D01C740}.Debug|iPhoneSimulator.Deploy.0 = Debug|Any CPU
		{24E60658-ED4B-45CC-83D5-BB506D01C740}.Debug|x64.ActiveCfg = Debug|Any CPU
		{24E60658-ED4B-45CC-83D5-BB506D01C740}.Debug|x64.Build.0 = Debug|Any CPU
		{24E60658-ED4B-45CC-83D5-BB506D01C740}.Debug|x64.Deploy.0 = Debug|Any CPU
		{24E60658-ED4B-45CC-83D5-BB506D01C740}.Debug|x86.ActiveCfg = Debug|Any CPU
		{24E60658-ED4B-45CC-83D5-BB506D01C740}.Debug|x86.Build.0 = Debug|Any CPU
		{24E60658-ED4B-45CC-83D5-BB506D01C740}.Debug|x86.Deploy.0 = Debug|Any CPU
		{24E60658-ED4B-45CC-83D5-BB506D01C740}.Release|Any CPU.ActiveCfg = Release|Any CPU
		{24E60658-ED4B-45CC-83D5-BB506D01C740}.Release|Any CPU.Build.0 = Release|Any CPU
		{24E60658-ED4B-45CC-83D5-BB506D01C740}.Release|Any CPU.Deploy.0 = Release|Any CPU
		{24E60658-ED4B-45CC-83D5-BB506D01C740}.Release|ARM.ActiveCfg = Release|Any CPU
		{24E60658-ED4B-45CC-83D5-BB506D01C740}.Release|ARM.Build.0 = Release|Any CPU
		{24E60658-ED4B-45CC-83D5-BB506D01C740}.Release|ARM.Deploy.0 = Release|Any CPU
		{24E60658-ED4B-45CC-83D5-BB506D01C740}.Release|ARM64.ActiveCfg = Release|Any CPU
		{24E60658-ED4B-45CC-83D5-BB506D01C740}.Release|ARM64.Build.0 = Release|Any CPU
		{24E60658-ED4B-45CC-83D5-BB506D01C740}.Release|ARM64.Deploy.0 = Release|Any CPU
		{24E60658-ED4B-45CC-83D5-BB506D01C740}.Release|iPhone.ActiveCfg = Release|Any CPU
		{24E60658-ED4B-45CC-83D5-BB506D01C740}.Release|iPhone.Build.0 = Release|Any CPU
		{24E60658-ED4B-45CC-83D5-BB506D01C740}.Release|iPhone.Deploy.0 = Release|Any CPU
		{24E60658-ED4B-45CC-83D5-BB506D01C740}.Release|iPhoneSimulator.ActiveCfg = Release|Any CPU
		{24E60658-ED4B-45CC-83D5-BB506D01C740}.Release|iPhoneSimulator.Build.0 = Release|Any CPU
		{24E60658-ED4B-45CC-83D5-BB506D01C740}.Release|iPhoneSimulator.Deploy.0 = Release|Any CPU
		{24E60658-ED4B-45CC-83D5-BB506D01C740}.Release|x64.ActiveCfg = Release|Any CPU
		{24E60658-ED4B-45CC-83D5-BB506D01C740}.Release|x64.Build.0 = Release|Any CPU
		{24E60658-ED4B-45CC-83D5-BB506D01C740}.Release|x64.Deploy.0 = Release|Any CPU
		{24E60658-ED4B-45CC-83D5-BB506D01C740}.Release|x86.ActiveCfg = Release|Any CPU
		{24E60658-ED4B-45CC-83D5-BB506D01C740}.Release|x86.Build.0 = Release|Any CPU
		{24E60658-ED4B-45CC-83D5-BB506D01C740}.Release|x86.Deploy.0 = Release|Any CPU
		{DD5E05F1-BD7A-423F-9F46-0251E19F1DF7}.Ad-Hoc|Any CPU.ActiveCfg = Ad-Hoc|iPhoneSimulator
		{DD5E05F1-BD7A-423F-9F46-0251E19F1DF7}.Ad-Hoc|Any CPU.Build.0 = Ad-Hoc|iPhoneSimulator
		{DD5E05F1-BD7A-423F-9F46-0251E19F1DF7}.Ad-Hoc|ARM.ActiveCfg = Ad-Hoc|iPhoneSimulator
		{DD5E05F1-BD7A-423F-9F46-0251E19F1DF7}.Ad-Hoc|ARM.Build.0 = Ad-Hoc|iPhoneSimulator
		{DD5E05F1-BD7A-423F-9F46-0251E19F1DF7}.Ad-Hoc|ARM64.ActiveCfg = Ad-Hoc|iPhoneSimulator
		{DD5E05F1-BD7A-423F-9F46-0251E19F1DF7}.Ad-Hoc|ARM64.Build.0 = Ad-Hoc|iPhoneSimulator
		{DD5E05F1-BD7A-423F-9F46-0251E19F1DF7}.Ad-Hoc|iPhone.ActiveCfg = Ad-Hoc|iPhone
		{DD5E05F1-BD7A-423F-9F46-0251E19F1DF7}.Ad-Hoc|iPhone.Build.0 = Ad-Hoc|iPhone
		{DD5E05F1-BD7A-423F-9F46-0251E19F1DF7}.Ad-Hoc|iPhoneSimulator.ActiveCfg = Ad-Hoc|iPhoneSimulator
		{DD5E05F1-BD7A-423F-9F46-0251E19F1DF7}.Ad-Hoc|iPhoneSimulator.Build.0 = Ad-Hoc|iPhoneSimulator
		{DD5E05F1-BD7A-423F-9F46-0251E19F1DF7}.Ad-Hoc|x64.ActiveCfg = Ad-Hoc|iPhoneSimulator
		{DD5E05F1-BD7A-423F-9F46-0251E19F1DF7}.Ad-Hoc|x64.Build.0 = Ad-Hoc|iPhoneSimulator
		{DD5E05F1-BD7A-423F-9F46-0251E19F1DF7}.Ad-Hoc|x86.ActiveCfg = Ad-Hoc|iPhoneSimulator
		{DD5E05F1-BD7A-423F-9F46-0251E19F1DF7}.Ad-Hoc|x86.Build.0 = Ad-Hoc|iPhoneSimulator
		{DD5E05F1-BD7A-423F-9F46-0251E19F1DF7}.AppStore|Any CPU.ActiveCfg = AppStore|iPhoneSimulator
		{DD5E05F1-BD7A-423F-9F46-0251E19F1DF7}.AppStore|Any CPU.Build.0 = AppStore|iPhoneSimulator
		{DD5E05F1-BD7A-423F-9F46-0251E19F1DF7}.AppStore|ARM.ActiveCfg = AppStore|iPhoneSimulator
		{DD5E05F1-BD7A-423F-9F46-0251E19F1DF7}.AppStore|ARM.Build.0 = AppStore|iPhoneSimulator
		{DD5E05F1-BD7A-423F-9F46-0251E19F1DF7}.AppStore|ARM64.ActiveCfg = AppStore|iPhoneSimulator
		{DD5E05F1-BD7A-423F-9F46-0251E19F1DF7}.AppStore|ARM64.Build.0 = AppStore|iPhoneSimulator
		{DD5E05F1-BD7A-423F-9F46-0251E19F1DF7}.AppStore|iPhone.ActiveCfg = AppStore|iPhone
		{DD5E05F1-BD7A-423F-9F46-0251E19F1DF7}.AppStore|iPhone.Build.0 = AppStore|iPhone
		{DD5E05F1-BD7A-423F-9F46-0251E19F1DF7}.AppStore|iPhoneSimulator.ActiveCfg = AppStore|iPhoneSimulator
		{DD5E05F1-BD7A-423F-9F46-0251E19F1DF7}.AppStore|iPhoneSimulator.Build.0 = AppStore|iPhoneSimulator
		{DD5E05F1-BD7A-423F-9F46-0251E19F1DF7}.AppStore|x64.ActiveCfg = AppStore|iPhoneSimulator
		{DD5E05F1-BD7A-423F-9F46-0251E19F1DF7}.AppStore|x64.Build.0 = AppStore|iPhoneSimulator
		{DD5E05F1-BD7A-423F-9F46-0251E19F1DF7}.AppStore|x86.ActiveCfg = AppStore|iPhoneSimulator
		{DD5E05F1-BD7A-423F-9F46-0251E19F1DF7}.AppStore|x86.Build.0 = AppStore|iPhoneSimulator
		{DD5E05F1-BD7A-423F-9F46-0251E19F1DF7}.Debug|Any CPU.ActiveCfg = Debug|iPhoneSimulator
		{DD5E05F1-BD7A-423F-9F46-0251E19F1DF7}.Debug|Any CPU.Build.0 = Debug|iPhoneSimulator
		{DD5E05F1-BD7A-423F-9F46-0251E19F1DF7}.Debug|ARM.ActiveCfg = Debug|iPhoneSimulator
		{DD5E05F1-BD7A-423F-9F46-0251E19F1DF7}.Debug|ARM.Build.0 = Debug|iPhoneSimulator
		{DD5E05F1-BD7A-423F-9F46-0251E19F1DF7}.Debug|ARM64.ActiveCfg = Debug|iPhoneSimulator
		{DD5E05F1-BD7A-423F-9F46-0251E19F1DF7}.Debug|ARM64.Build.0 = Debug|iPhoneSimulator
		{DD5E05F1-BD7A-423F-9F46-0251E19F1DF7}.Debug|iPhone.ActiveCfg = Debug|iPhone
		{DD5E05F1-BD7A-423F-9F46-0251E19F1DF7}.Debug|iPhone.Build.0 = Debug|iPhone
		{DD5E05F1-BD7A-423F-9F46-0251E19F1DF7}.Debug|iPhoneSimulator.ActiveCfg = Debug|iPhoneSimulator
		{DD5E05F1-BD7A-423F-9F46-0251E19F1DF7}.Debug|iPhoneSimulator.Build.0 = Debug|iPhoneSimulator
		{DD5E05F1-BD7A-423F-9F46-0251E19F1DF7}.Debug|x64.ActiveCfg = Debug|iPhoneSimulator
		{DD5E05F1-BD7A-423F-9F46-0251E19F1DF7}.Debug|x64.Build.0 = Debug|iPhoneSimulator
		{DD5E05F1-BD7A-423F-9F46-0251E19F1DF7}.Debug|x86.ActiveCfg = Debug|iPhoneSimulator
		{DD5E05F1-BD7A-423F-9F46-0251E19F1DF7}.Debug|x86.Build.0 = Debug|iPhoneSimulator
		{DD5E05F1-BD7A-423F-9F46-0251E19F1DF7}.Release|Any CPU.ActiveCfg = Release|iPhoneSimulator
		{DD5E05F1-BD7A-423F-9F46-0251E19F1DF7}.Release|Any CPU.Build.0 = Release|iPhoneSimulator
		{DD5E05F1-BD7A-423F-9F46-0251E19F1DF7}.Release|ARM.ActiveCfg = Release|iPhoneSimulator
		{DD5E05F1-BD7A-423F-9F46-0251E19F1DF7}.Release|ARM.Build.0 = Release|iPhoneSimulator
		{DD5E05F1-BD7A-423F-9F46-0251E19F1DF7}.Release|ARM64.ActiveCfg = Release|iPhoneSimulator
		{DD5E05F1-BD7A-423F-9F46-0251E19F1DF7}.Release|ARM64.Build.0 = Release|iPhoneSimulator
		{DD5E05F1-BD7A-423F-9F46-0251E19F1DF7}.Release|iPhone.ActiveCfg = Release|iPhone
		{DD5E05F1-BD7A-423F-9F46-0251E19F1DF7}.Release|iPhone.Build.0 = Release|iPhone
		{DD5E05F1-BD7A-423F-9F46-0251E19F1DF7}.Release|iPhoneSimulator.ActiveCfg = Release|iPhoneSimulator
		{DD5E05F1-BD7A-423F-9F46-0251E19F1DF7}.Release|iPhoneSimulator.Build.0 = Release|iPhoneSimulator
		{DD5E05F1-BD7A-423F-9F46-0251E19F1DF7}.Release|x64.ActiveCfg = Release|iPhoneSimulator
		{DD5E05F1-BD7A-423F-9F46-0251E19F1DF7}.Release|x64.Build.0 = Release|iPhoneSimulator
		{DD5E05F1-BD7A-423F-9F46-0251E19F1DF7}.Release|x86.ActiveCfg = Release|iPhoneSimulator
		{DD5E05F1-BD7A-423F-9F46-0251E19F1DF7}.Release|x86.Build.0 = Release|iPhoneSimulator
		{95CB3C84-142D-46A2-8EC7-EC1B8A549D25}.Ad-Hoc|Any CPU.ActiveCfg = Debug|x86
		{95CB3C84-142D-46A2-8EC7-EC1B8A549D25}.Ad-Hoc|Any CPU.Build.0 = Debug|x86
		{95CB3C84-142D-46A2-8EC7-EC1B8A549D25}.Ad-Hoc|Any CPU.Deploy.0 = Debug|x86
		{95CB3C84-142D-46A2-8EC7-EC1B8A549D25}.Ad-Hoc|ARM.ActiveCfg = Debug|ARM
		{95CB3C84-142D-46A2-8EC7-EC1B8A549D25}.Ad-Hoc|ARM.Build.0 = Debug|ARM
		{95CB3C84-142D-46A2-8EC7-EC1B8A549D25}.Ad-Hoc|ARM.Deploy.0 = Debug|ARM
		{95CB3C84-142D-46A2-8EC7-EC1B8A549D25}.Ad-Hoc|ARM64.ActiveCfg = Debug|ARM64
		{95CB3C84-142D-46A2-8EC7-EC1B8A549D25}.Ad-Hoc|ARM64.Build.0 = Debug|ARM64
		{95CB3C84-142D-46A2-8EC7-EC1B8A549D25}.Ad-Hoc|ARM64.Deploy.0 = Debug|ARM64
		{95CB3C84-142D-46A2-8EC7-EC1B8A549D25}.Ad-Hoc|iPhone.ActiveCfg = Debug|x86
		{95CB3C84-142D-46A2-8EC7-EC1B8A549D25}.Ad-Hoc|iPhone.Build.0 = Debug|x86
		{95CB3C84-142D-46A2-8EC7-EC1B8A549D25}.Ad-Hoc|iPhone.Deploy.0 = Debug|x86
		{95CB3C84-142D-46A2-8EC7-EC1B8A549D25}.Ad-Hoc|iPhoneSimulator.ActiveCfg = Debug|x86
		{95CB3C84-142D-46A2-8EC7-EC1B8A549D25}.Ad-Hoc|iPhoneSimulator.Build.0 = Debug|x86
		{95CB3C84-142D-46A2-8EC7-EC1B8A549D25}.Ad-Hoc|iPhoneSimulator.Deploy.0 = Debug|x86
		{95CB3C84-142D-46A2-8EC7-EC1B8A549D25}.Ad-Hoc|x64.ActiveCfg = Debug|x64
		{95CB3C84-142D-46A2-8EC7-EC1B8A549D25}.Ad-Hoc|x64.Build.0 = Debug|x64
		{95CB3C84-142D-46A2-8EC7-EC1B8A549D25}.Ad-Hoc|x64.Deploy.0 = Debug|x64
		{95CB3C84-142D-46A2-8EC7-EC1B8A549D25}.Ad-Hoc|x86.ActiveCfg = Debug|x86
		{95CB3C84-142D-46A2-8EC7-EC1B8A549D25}.Ad-Hoc|x86.Build.0 = Debug|x86
		{95CB3C84-142D-46A2-8EC7-EC1B8A549D25}.Ad-Hoc|x86.Deploy.0 = Debug|x86
		{95CB3C84-142D-46A2-8EC7-EC1B8A549D25}.AppStore|Any CPU.ActiveCfg = Debug|x86
		{95CB3C84-142D-46A2-8EC7-EC1B8A549D25}.AppStore|Any CPU.Build.0 = Debug|x86
		{95CB3C84-142D-46A2-8EC7-EC1B8A549D25}.AppStore|Any CPU.Deploy.0 = Debug|x86
		{95CB3C84-142D-46A2-8EC7-EC1B8A549D25}.AppStore|ARM.ActiveCfg = Debug|ARM
		{95CB3C84-142D-46A2-8EC7-EC1B8A549D25}.AppStore|ARM.Build.0 = Debug|ARM
		{95CB3C84-142D-46A2-8EC7-EC1B8A549D25}.AppStore|ARM.Deploy.0 = Debug|ARM
		{95CB3C84-142D-46A2-8EC7-EC1B8A549D25}.AppStore|ARM64.ActiveCfg = Debug|ARM64
		{95CB3C84-142D-46A2-8EC7-EC1B8A549D25}.AppStore|ARM64.Build.0 = Debug|ARM64
		{95CB3C84-142D-46A2-8EC7-EC1B8A549D25}.AppStore|ARM64.Deploy.0 = Debug|ARM64
		{95CB3C84-142D-46A2-8EC7-EC1B8A549D25}.AppStore|iPhone.ActiveCfg = Debug|x86
		{95CB3C84-142D-46A2-8EC7-EC1B8A549D25}.AppStore|iPhone.Build.0 = Debug|x86
		{95CB3C84-142D-46A2-8EC7-EC1B8A549D25}.AppStore|iPhone.Deploy.0 = Debug|x86
		{95CB3C84-142D-46A2-8EC7-EC1B8A549D25}.AppStore|iPhoneSimulator.ActiveCfg = Debug|x86
		{95CB3C84-142D-46A2-8EC7-EC1B8A549D25}.AppStore|iPhoneSimulator.Build.0 = Debug|x86
		{95CB3C84-142D-46A2-8EC7-EC1B8A549D25}.AppStore|iPhoneSimulator.Deploy.0 = Debug|x86
		{95CB3C84-142D-46A2-8EC7-EC1B8A549D25}.AppStore|x64.ActiveCfg = Debug|x64
		{95CB3C84-142D-46A2-8EC7-EC1B8A549D25}.AppStore|x64.Build.0 = Debug|x64
		{95CB3C84-142D-46A2-8EC7-EC1B8A549D25}.AppStore|x64.Deploy.0 = Debug|x64
		{95CB3C84-142D-46A2-8EC7-EC1B8A549D25}.AppStore|x86.ActiveCfg = Debug|x86
		{95CB3C84-142D-46A2-8EC7-EC1B8A549D25}.AppStore|x86.Build.0 = Debug|x86
		{95CB3C84-142D-46A2-8EC7-EC1B8A549D25}.AppStore|x86.Deploy.0 = Debug|x86
		{95CB3C84-142D-46A2-8EC7-EC1B8A549D25}.Debug|Any CPU.ActiveCfg = Debug|x64
		{95CB3C84-142D-46A2-8EC7-EC1B8A549D25}.Debug|Any CPU.Build.0 = Debug|x64
		{95CB3C84-142D-46A2-8EC7-EC1B8A549D25}.Debug|Any CPU.Deploy.0 = Debug|x64
		{95CB3C84-142D-46A2-8EC7-EC1B8A549D25}.Debug|ARM.ActiveCfg = Debug|ARM
		{95CB3C84-142D-46A2-8EC7-EC1B8A549D25}.Debug|ARM.Build.0 = Debug|ARM
		{95CB3C84-142D-46A2-8EC7-EC1B8A549D25}.Debug|ARM.Deploy.0 = Debug|ARM
		{95CB3C84-142D-46A2-8EC7-EC1B8A549D25}.Debug|ARM64.ActiveCfg = Debug|ARM64
		{95CB3C84-142D-46A2-8EC7-EC1B8A549D25}.Debug|ARM64.Build.0 = Debug|ARM64
		{95CB3C84-142D-46A2-8EC7-EC1B8A549D25}.Debug|ARM64.Deploy.0 = Debug|ARM64
		{95CB3C84-142D-46A2-8EC7-EC1B8A549D25}.Debug|iPhone.ActiveCfg = Debug|x64
		{95CB3C84-142D-46A2-8EC7-EC1B8A549D25}.Debug|iPhone.Build.0 = Debug|x64
		{95CB3C84-142D-46A2-8EC7-EC1B8A549D25}.Debug|iPhone.Deploy.0 = Debug|x64
		{95CB3C84-142D-46A2-8EC7-EC1B8A549D25}.Debug|iPhoneSimulator.ActiveCfg = Debug|x64
		{95CB3C84-142D-46A2-8EC7-EC1B8A549D25}.Debug|iPhoneSimulator.Build.0 = Debug|x64
		{95CB3C84-142D-46A2-8EC7-EC1B8A549D25}.Debug|iPhoneSimulator.Deploy.0 = Debug|x64
		{95CB3C84-142D-46A2-8EC7-EC1B8A549D25}.Debug|x64.ActiveCfg = Debug|x64
		{95CB3C84-142D-46A2-8EC7-EC1B8A549D25}.Debug|x64.Build.0 = Debug|x64
		{95CB3C84-142D-46A2-8EC7-EC1B8A549D25}.Debug|x64.Deploy.0 = Debug|x64
		{95CB3C84-142D-46A2-8EC7-EC1B8A549D25}.Debug|x86.ActiveCfg = Debug|x86
		{95CB3C84-142D-46A2-8EC7-EC1B8A549D25}.Debug|x86.Build.0 = Debug|x86
		{95CB3C84-142D-46A2-8EC7-EC1B8A549D25}.Debug|x86.Deploy.0 = Debug|x86
		{95CB3C84-142D-46A2-8EC7-EC1B8A549D25}.Release|Any CPU.ActiveCfg = Release|x64
		{95CB3C84-142D-46A2-8EC7-EC1B8A549D25}.Release|Any CPU.Build.0 = Release|x64
		{95CB3C84-142D-46A2-8EC7-EC1B8A549D25}.Release|Any CPU.Deploy.0 = Release|x64
		{95CB3C84-142D-46A2-8EC7-EC1B8A549D25}.Release|ARM.ActiveCfg = Release|ARM
		{95CB3C84-142D-46A2-8EC7-EC1B8A549D25}.Release|ARM.Build.0 = Release|ARM
		{95CB3C84-142D-46A2-8EC7-EC1B8A549D25}.Release|ARM.Deploy.0 = Release|ARM
		{95CB3C84-142D-46A2-8EC7-EC1B8A549D25}.Release|ARM64.ActiveCfg = Release|ARM64
		{95CB3C84-142D-46A2-8EC7-EC1B8A549D25}.Release|ARM64.Build.0 = Release|ARM64
		{95CB3C84-142D-46A2-8EC7-EC1B8A549D25}.Release|ARM64.Deploy.0 = Release|ARM64
		{95CB3C84-142D-46A2-8EC7-EC1B8A549D25}.Release|iPhone.ActiveCfg = Release|x64
		{95CB3C84-142D-46A2-8EC7-EC1B8A549D25}.Release|iPhone.Build.0 = Release|x64
		{95CB3C84-142D-46A2-8EC7-EC1B8A549D25}.Release|iPhone.Deploy.0 = Release|x64
		{95CB3C84-142D-46A2-8EC7-EC1B8A549D25}.Release|iPhoneSimulator.ActiveCfg = Release|x64
		{95CB3C84-142D-46A2-8EC7-EC1B8A549D25}.Release|iPhoneSimulator.Build.0 = Release|x64
		{95CB3C84-142D-46A2-8EC7-EC1B8A549D25}.Release|iPhoneSimulator.Deploy.0 = Release|x64
		{95CB3C84-142D-46A2-8EC7-EC1B8A549D25}.Release|x64.ActiveCfg = Release|x64
		{95CB3C84-142D-46A2-8EC7-EC1B8A549D25}.Release|x64.Build.0 = Release|x64
		{95CB3C84-142D-46A2-8EC7-EC1B8A549D25}.Release|x64.Deploy.0 = Release|x64
		{95CB3C84-142D-46A2-8EC7-EC1B8A549D25}.Release|x86.ActiveCfg = Release|x86
		{95CB3C84-142D-46A2-8EC7-EC1B8A549D25}.Release|x86.Build.0 = Release|x86
		{95CB3C84-142D-46A2-8EC7-EC1B8A549D25}.Release|x86.Deploy.0 = Release|x86
		{4F5FE3B6-4037-4348-A28D-04B6E50DB906}.Ad-Hoc|Any CPU.ActiveCfg = Debug|Any CPU
		{4F5FE3B6-4037-4348-A28D-04B6E50DB906}.Ad-Hoc|Any CPU.Build.0 = Debug|Any CPU
		{4F5FE3B6-4037-4348-A28D-04B6E50DB906}.Ad-Hoc|ARM.ActiveCfg = Debug|Any CPU
		{4F5FE3B6-4037-4348-A28D-04B6E50DB906}.Ad-Hoc|ARM.Build.0 = Debug|Any CPU
		{4F5FE3B6-4037-4348-A28D-04B6E50DB906}.Ad-Hoc|ARM64.ActiveCfg = Debug|Any CPU
		{4F5FE3B6-4037-4348-A28D-04B6E50DB906}.Ad-Hoc|ARM64.Build.0 = Debug|Any CPU
		{4F5FE3B6-4037-4348-A28D-04B6E50DB906}.Ad-Hoc|iPhone.ActiveCfg = Debug|Any CPU
		{4F5FE3B6-4037-4348-A28D-04B6E50DB906}.Ad-Hoc|iPhone.Build.0 = Debug|Any CPU
		{4F5FE3B6-4037-4348-A28D-04B6E50DB906}.Ad-Hoc|iPhoneSimulator.ActiveCfg = Debug|Any CPU
		{4F5FE3B6-4037-4348-A28D-04B6E50DB906}.Ad-Hoc|iPhoneSimulator.Build.0 = Debug|Any CPU
		{4F5FE3B6-4037-4348-A28D-04B6E50DB906}.Ad-Hoc|x64.ActiveCfg = Debug|Any CPU
		{4F5FE3B6-4037-4348-A28D-04B6E50DB906}.Ad-Hoc|x64.Build.0 = Debug|Any CPU
		{4F5FE3B6-4037-4348-A28D-04B6E50DB906}.Ad-Hoc|x86.ActiveCfg = Debug|Any CPU
		{4F5FE3B6-4037-4348-A28D-04B6E50DB906}.Ad-Hoc|x86.Build.0 = Debug|Any CPU
		{4F5FE3B6-4037-4348-A28D-04B6E50DB906}.AppStore|Any CPU.ActiveCfg = Debug|Any CPU
		{4F5FE3B6-4037-4348-A28D-04B6E50DB906}.AppStore|Any CPU.Build.0 = Debug|Any CPU
		{4F5FE3B6-4037-4348-A28D-04B6E50DB906}.AppStore|ARM.ActiveCfg = Debug|Any CPU
		{4F5FE3B6-4037-4348-A28D-04B6E50DB906}.AppStore|ARM.Build.0 = Debug|Any CPU
		{4F5FE3B6-4037-4348-A28D-04B6E50DB906}.AppStore|ARM64.ActiveCfg = Debug|Any CPU
		{4F5FE3B6-4037-4348-A28D-04B6E50DB906}.AppStore|ARM64.Build.0 = Debug|Any CPU
		{4F5FE3B6-4037-4348-A28D-04B6E50DB906}.AppStore|iPhone.ActiveCfg = Debug|Any CPU
		{4F5FE3B6-4037-4348-A28D-04B6E50DB906}.AppStore|iPhone.Build.0 = Debug|Any CPU
		{4F5FE3B6-4037-4348-A28D-04B6E50DB906}.AppStore|iPhoneSimulator.ActiveCfg = Debug|Any CPU
		{4F5FE3B6-4037-4348-A28D-04B6E50DB906}.AppStore|iPhoneSimulator.Build.0 = Debug|Any CPU
		{4F5FE3B6-4037-4348-A28D-04B6E50DB906}.AppStore|x64.ActiveCfg = Debug|Any CPU
		{4F5FE3B6-4037-4348-A28D-04B6E50DB906}.AppStore|x64.Build.0 = Debug|Any CPU
		{4F5FE3B6-4037-4348-A28D-04B6E50DB906}.AppStore|x86.ActiveCfg = Debug|Any CPU
		{4F5FE3B6-4037-4348-A28D-04B6E50DB906}.AppStore|x86.Build.0 = Debug|Any CPU
		{4F5FE3B6-4037-4348-A28D-04B6E50DB906}.Debug|Any CPU.ActiveCfg = Debug|Any CPU
		{4F5FE3B6-4037-4348-A28D-04B6E50DB906}.Debug|Any CPU.Build.0 = Debug|Any CPU
		{4F5FE3B6-4037-4348-A28D-04B6E50DB906}.Debug|ARM.ActiveCfg = Debug|Any CPU
		{4F5FE3B6-4037-4348-A28D-04B6E50DB906}.Debug|ARM.Build.0 = Debug|Any CPU
		{4F5FE3B6-4037-4348-A28D-04B6E50DB906}.Debug|ARM64.ActiveCfg = Debug|Any CPU
		{4F5FE3B6-4037-4348-A28D-04B6E50DB906}.Debug|ARM64.Build.0 = Debug|Any CPU
		{4F5FE3B6-4037-4348-A28D-04B6E50DB906}.Debug|iPhone.ActiveCfg = Debug|Any CPU
		{4F5FE3B6-4037-4348-A28D-04B6E50DB906}.Debug|iPhone.Build.0 = Debug|Any CPU
		{4F5FE3B6-4037-4348-A28D-04B6E50DB906}.Debug|iPhoneSimulator.ActiveCfg = Debug|Any CPU
		{4F5FE3B6-4037-4348-A28D-04B6E50DB906}.Debug|iPhoneSimulator.Build.0 = Debug|Any CPU
		{4F5FE3B6-4037-4348-A28D-04B6E50DB906}.Debug|x64.ActiveCfg = Debug|Any CPU
		{4F5FE3B6-4037-4348-A28D-04B6E50DB906}.Debug|x64.Build.0 = Debug|Any CPU
		{4F5FE3B6-4037-4348-A28D-04B6E50DB906}.Debug|x86.ActiveCfg = Debug|Any CPU
		{4F5FE3B6-4037-4348-A28D-04B6E50DB906}.Debug|x86.Build.0 = Debug|Any CPU
		{4F5FE3B6-4037-4348-A28D-04B6E50DB906}.Release|Any CPU.ActiveCfg = Release|Any CPU
		{4F5FE3B6-4037-4348-A28D-04B6E50DB906}.Release|Any CPU.Build.0 = Release|Any CPU
		{4F5FE3B6-4037-4348-A28D-04B6E50DB906}.Release|ARM.ActiveCfg = Release|Any CPU
		{4F5FE3B6-4037-4348-A28D-04B6E50DB906}.Release|ARM.Build.0 = Release|Any CPU
		{4F5FE3B6-4037-4348-A28D-04B6E50DB906}.Release|ARM64.ActiveCfg = Release|Any CPU
		{4F5FE3B6-4037-4348-A28D-04B6E50DB906}.Release|ARM64.Build.0 = Release|Any CPU
		{4F5FE3B6-4037-4348-A28D-04B6E50DB906}.Release|iPhone.ActiveCfg = Release|Any CPU
		{4F5FE3B6-4037-4348-A28D-04B6E50DB906}.Release|iPhone.Build.0 = Release|Any CPU
		{4F5FE3B6-4037-4348-A28D-04B6E50DB906}.Release|iPhoneSimulator.ActiveCfg = Release|Any CPU
		{4F5FE3B6-4037-4348-A28D-04B6E50DB906}.Release|iPhoneSimulator.Build.0 = Release|Any CPU
		{4F5FE3B6-4037-4348-A28D-04B6E50DB906}.Release|x64.ActiveCfg = Release|Any CPU
		{4F5FE3B6-4037-4348-A28D-04B6E50DB906}.Release|x64.Build.0 = Release|Any CPU
		{4F5FE3B6-4037-4348-A28D-04B6E50DB906}.Release|x86.ActiveCfg = Release|Any CPU
		{4F5FE3B6-4037-4348-A28D-04B6E50DB906}.Release|x86.Build.0 = Release|Any CPU
		{C9B4AFCF-875D-4728-9A4D-4797D8278343}.Ad-Hoc|Any CPU.ActiveCfg = Debug|iPhoneSimulator
		{C9B4AFCF-875D-4728-9A4D-4797D8278343}.Ad-Hoc|Any CPU.Build.0 = Debug|iPhoneSimulator
		{C9B4AFCF-875D-4728-9A4D-4797D8278343}.Ad-Hoc|ARM.ActiveCfg = Debug|iPhoneSimulator
		{C9B4AFCF-875D-4728-9A4D-4797D8278343}.Ad-Hoc|ARM.Build.0 = Debug|iPhoneSimulator
		{C9B4AFCF-875D-4728-9A4D-4797D8278343}.Ad-Hoc|ARM64.ActiveCfg = Debug|iPhoneSimulator
		{C9B4AFCF-875D-4728-9A4D-4797D8278343}.Ad-Hoc|ARM64.Build.0 = Debug|iPhoneSimulator
		{C9B4AFCF-875D-4728-9A4D-4797D8278343}.Ad-Hoc|iPhone.ActiveCfg = Debug|iPhoneSimulator
		{C9B4AFCF-875D-4728-9A4D-4797D8278343}.Ad-Hoc|iPhone.Build.0 = Debug|iPhoneSimulator
		{C9B4AFCF-875D-4728-9A4D-4797D8278343}.Ad-Hoc|iPhoneSimulator.ActiveCfg = Debug|iPhoneSimulator
		{C9B4AFCF-875D-4728-9A4D-4797D8278343}.Ad-Hoc|iPhoneSimulator.Build.0 = Debug|iPhoneSimulator
		{C9B4AFCF-875D-4728-9A4D-4797D8278343}.Ad-Hoc|x64.ActiveCfg = Debug|iPhoneSimulator
		{C9B4AFCF-875D-4728-9A4D-4797D8278343}.Ad-Hoc|x64.Build.0 = Debug|iPhoneSimulator
		{C9B4AFCF-875D-4728-9A4D-4797D8278343}.Ad-Hoc|x86.ActiveCfg = Debug|iPhoneSimulator
		{C9B4AFCF-875D-4728-9A4D-4797D8278343}.Ad-Hoc|x86.Build.0 = Debug|iPhoneSimulator
		{C9B4AFCF-875D-4728-9A4D-4797D8278343}.AppStore|Any CPU.ActiveCfg = Debug|iPhoneSimulator
		{C9B4AFCF-875D-4728-9A4D-4797D8278343}.AppStore|Any CPU.Build.0 = Debug|iPhoneSimulator
		{C9B4AFCF-875D-4728-9A4D-4797D8278343}.AppStore|ARM.ActiveCfg = Debug|iPhoneSimulator
		{C9B4AFCF-875D-4728-9A4D-4797D8278343}.AppStore|ARM.Build.0 = Debug|iPhoneSimulator
		{C9B4AFCF-875D-4728-9A4D-4797D8278343}.AppStore|ARM64.ActiveCfg = Debug|iPhoneSimulator
		{C9B4AFCF-875D-4728-9A4D-4797D8278343}.AppStore|ARM64.Build.0 = Debug|iPhoneSimulator
		{C9B4AFCF-875D-4728-9A4D-4797D8278343}.AppStore|iPhone.ActiveCfg = Debug|iPhoneSimulator
		{C9B4AFCF-875D-4728-9A4D-4797D8278343}.AppStore|iPhone.Build.0 = Debug|iPhoneSimulator
		{C9B4AFCF-875D-4728-9A4D-4797D8278343}.AppStore|iPhoneSimulator.ActiveCfg = Debug|iPhoneSimulator
		{C9B4AFCF-875D-4728-9A4D-4797D8278343}.AppStore|iPhoneSimulator.Build.0 = Debug|iPhoneSimulator
		{C9B4AFCF-875D-4728-9A4D-4797D8278343}.AppStore|x64.ActiveCfg = Debug|iPhoneSimulator
		{C9B4AFCF-875D-4728-9A4D-4797D8278343}.AppStore|x64.Build.0 = Debug|iPhoneSimulator
		{C9B4AFCF-875D-4728-9A4D-4797D8278343}.AppStore|x86.ActiveCfg = Debug|iPhoneSimulator
		{C9B4AFCF-875D-4728-9A4D-4797D8278343}.AppStore|x86.Build.0 = Debug|iPhoneSimulator
		{C9B4AFCF-875D-4728-9A4D-4797D8278343}.Debug|Any CPU.ActiveCfg = Debug|iPhoneSimulator
		{C9B4AFCF-875D-4728-9A4D-4797D8278343}.Debug|Any CPU.Build.0 = Debug|iPhoneSimulator
		{C9B4AFCF-875D-4728-9A4D-4797D8278343}.Debug|ARM.ActiveCfg = Debug|iPhoneSimulator
		{C9B4AFCF-875D-4728-9A4D-4797D8278343}.Debug|ARM.Build.0 = Debug|iPhoneSimulator
		{C9B4AFCF-875D-4728-9A4D-4797D8278343}.Debug|ARM64.ActiveCfg = Debug|iPhoneSimulator
		{C9B4AFCF-875D-4728-9A4D-4797D8278343}.Debug|ARM64.Build.0 = Debug|iPhoneSimulator
		{C9B4AFCF-875D-4728-9A4D-4797D8278343}.Debug|iPhone.ActiveCfg = Debug|iPhoneSimulator
		{C9B4AFCF-875D-4728-9A4D-4797D8278343}.Debug|iPhone.Build.0 = Debug|iPhoneSimulator
		{C9B4AFCF-875D-4728-9A4D-4797D8278343}.Debug|iPhoneSimulator.ActiveCfg = Debug|iPhoneSimulator
		{C9B4AFCF-875D-4728-9A4D-4797D8278343}.Debug|iPhoneSimulator.Build.0 = Debug|iPhoneSimulator
		{C9B4AFCF-875D-4728-9A4D-4797D8278343}.Debug|x64.ActiveCfg = Debug|iPhoneSimulator
		{C9B4AFCF-875D-4728-9A4D-4797D8278343}.Debug|x64.Build.0 = Debug|iPhoneSimulator
		{C9B4AFCF-875D-4728-9A4D-4797D8278343}.Debug|x86.ActiveCfg = Debug|iPhoneSimulator
		{C9B4AFCF-875D-4728-9A4D-4797D8278343}.Debug|x86.Build.0 = Debug|iPhoneSimulator
		{C9B4AFCF-875D-4728-9A4D-4797D8278343}.Release|Any CPU.ActiveCfg = Release|iPhoneSimulator
		{C9B4AFCF-875D-4728-9A4D-4797D8278343}.Release|Any CPU.Build.0 = Release|iPhoneSimulator
		{C9B4AFCF-875D-4728-9A4D-4797D8278343}.Release|ARM.ActiveCfg = Release|iPhoneSimulator
		{C9B4AFCF-875D-4728-9A4D-4797D8278343}.Release|ARM.Build.0 = Release|iPhoneSimulator
		{C9B4AFCF-875D-4728-9A4D-4797D8278343}.Release|ARM64.ActiveCfg = Release|iPhoneSimulator
		{C9B4AFCF-875D-4728-9A4D-4797D8278343}.Release|ARM64.Build.0 = Release|iPhoneSimulator
		{C9B4AFCF-875D-4728-9A4D-4797D8278343}.Release|iPhone.ActiveCfg = Release|iPhoneSimulator
		{C9B4AFCF-875D-4728-9A4D-4797D8278343}.Release|iPhone.Build.0 = Release|iPhoneSimulator
		{C9B4AFCF-875D-4728-9A4D-4797D8278343}.Release|iPhoneSimulator.ActiveCfg = Release|iPhoneSimulator
		{C9B4AFCF-875D-4728-9A4D-4797D8278343}.Release|iPhoneSimulator.Build.0 = Release|iPhoneSimulator
		{C9B4AFCF-875D-4728-9A4D-4797D8278343}.Release|x64.ActiveCfg = Release|iPhoneSimulator
		{C9B4AFCF-875D-4728-9A4D-4797D8278343}.Release|x64.Build.0 = Release|iPhoneSimulator
		{C9B4AFCF-875D-4728-9A4D-4797D8278343}.Release|x86.ActiveCfg = Release|iPhoneSimulator
		{C9B4AFCF-875D-4728-9A4D-4797D8278343}.Release|x86.Build.0 = Release|iPhoneSimulator
		{9C99D8AF-9F39-403B-BE3B-033457F945B2}.Ad-Hoc|Any CPU.ActiveCfg = Debug|Any CPU
		{9C99D8AF-9F39-403B-BE3B-033457F945B2}.Ad-Hoc|Any CPU.Build.0 = Debug|Any CPU
		{9C99D8AF-9F39-403B-BE3B-033457F945B2}.Ad-Hoc|ARM.ActiveCfg = Debug|Any CPU
		{9C99D8AF-9F39-403B-BE3B-033457F945B2}.Ad-Hoc|ARM.Build.0 = Debug|Any CPU
		{9C99D8AF-9F39-403B-BE3B-033457F945B2}.Ad-Hoc|ARM64.ActiveCfg = Debug|Any CPU
		{9C99D8AF-9F39-403B-BE3B-033457F945B2}.Ad-Hoc|ARM64.Build.0 = Debug|Any CPU
		{9C99D8AF-9F39-403B-BE3B-033457F945B2}.Ad-Hoc|iPhone.ActiveCfg = Debug|Any CPU
		{9C99D8AF-9F39-403B-BE3B-033457F945B2}.Ad-Hoc|iPhone.Build.0 = Debug|Any CPU
		{9C99D8AF-9F39-403B-BE3B-033457F945B2}.Ad-Hoc|iPhoneSimulator.ActiveCfg = Debug|Any CPU
		{9C99D8AF-9F39-403B-BE3B-033457F945B2}.Ad-Hoc|iPhoneSimulator.Build.0 = Debug|Any CPU
		{9C99D8AF-9F39-403B-BE3B-033457F945B2}.Ad-Hoc|x64.ActiveCfg = Debug|Any CPU
		{9C99D8AF-9F39-403B-BE3B-033457F945B2}.Ad-Hoc|x64.Build.0 = Debug|Any CPU
		{9C99D8AF-9F39-403B-BE3B-033457F945B2}.Ad-Hoc|x86.ActiveCfg = Debug|Any CPU
		{9C99D8AF-9F39-403B-BE3B-033457F945B2}.Ad-Hoc|x86.Build.0 = Debug|Any CPU
		{9C99D8AF-9F39-403B-BE3B-033457F945B2}.AppStore|Any CPU.ActiveCfg = Debug|Any CPU
		{9C99D8AF-9F39-403B-BE3B-033457F945B2}.AppStore|Any CPU.Build.0 = Debug|Any CPU
		{9C99D8AF-9F39-403B-BE3B-033457F945B2}.AppStore|ARM.ActiveCfg = Debug|Any CPU
		{9C99D8AF-9F39-403B-BE3B-033457F945B2}.AppStore|ARM.Build.0 = Debug|Any CPU
		{9C99D8AF-9F39-403B-BE3B-033457F945B2}.AppStore|ARM64.ActiveCfg = Debug|Any CPU
		{9C99D8AF-9F39-403B-BE3B-033457F945B2}.AppStore|ARM64.Build.0 = Debug|Any CPU
		{9C99D8AF-9F39-403B-BE3B-033457F945B2}.AppStore|iPhone.ActiveCfg = Debug|Any CPU
		{9C99D8AF-9F39-403B-BE3B-033457F945B2}.AppStore|iPhone.Build.0 = Debug|Any CPU
		{9C99D8AF-9F39-403B-BE3B-033457F945B2}.AppStore|iPhoneSimulator.ActiveCfg = Debug|Any CPU
		{9C99D8AF-9F39-403B-BE3B-033457F945B2}.AppStore|iPhoneSimulator.Build.0 = Debug|Any CPU
		{9C99D8AF-9F39-403B-BE3B-033457F945B2}.AppStore|x64.ActiveCfg = Debug|Any CPU
		{9C99D8AF-9F39-403B-BE3B-033457F945B2}.AppStore|x64.Build.0 = Debug|Any CPU
		{9C99D8AF-9F39-403B-BE3B-033457F945B2}.AppStore|x86.ActiveCfg = Debug|Any CPU
		{9C99D8AF-9F39-403B-BE3B-033457F945B2}.AppStore|x86.Build.0 = Debug|Any CPU
		{9C99D8AF-9F39-403B-BE3B-033457F945B2}.Debug|Any CPU.ActiveCfg = Debug|Any CPU
		{9C99D8AF-9F39-403B-BE3B-033457F945B2}.Debug|Any CPU.Build.0 = Debug|Any CPU
		{9C99D8AF-9F39-403B-BE3B-033457F945B2}.Debug|ARM.ActiveCfg = Debug|Any CPU
		{9C99D8AF-9F39-403B-BE3B-033457F945B2}.Debug|ARM.Build.0 = Debug|Any CPU
		{9C99D8AF-9F39-403B-BE3B-033457F945B2}.Debug|ARM64.ActiveCfg = Debug|Any CPU
		{9C99D8AF-9F39-403B-BE3B-033457F945B2}.Debug|ARM64.Build.0 = Debug|Any CPU
		{9C99D8AF-9F39-403B-BE3B-033457F945B2}.Debug|iPhone.ActiveCfg = Debug|Any CPU
		{9C99D8AF-9F39-403B-BE3B-033457F945B2}.Debug|iPhone.Build.0 = Debug|Any CPU
		{9C99D8AF-9F39-403B-BE3B-033457F945B2}.Debug|iPhoneSimulator.ActiveCfg = Debug|Any CPU
		{9C99D8AF-9F39-403B-BE3B-033457F945B2}.Debug|iPhoneSimulator.Build.0 = Debug|Any CPU
		{9C99D8AF-9F39-403B-BE3B-033457F945B2}.Debug|x64.ActiveCfg = Debug|Any CPU
		{9C99D8AF-9F39-403B-BE3B-033457F945B2}.Debug|x64.Build.0 = Debug|Any CPU
		{9C99D8AF-9F39-403B-BE3B-033457F945B2}.Debug|x86.ActiveCfg = Debug|Any CPU
		{9C99D8AF-9F39-403B-BE3B-033457F945B2}.Debug|x86.Build.0 = Debug|Any CPU
		{9C99D8AF-9F39-403B-BE3B-033457F945B2}.Release|Any CPU.ActiveCfg = Release|Any CPU
		{9C99D8AF-9F39-403B-BE3B-033457F945B2}.Release|Any CPU.Build.0 = Release|Any CPU
		{9C99D8AF-9F39-403B-BE3B-033457F945B2}.Release|ARM.ActiveCfg = Release|Any CPU
		{9C99D8AF-9F39-403B-BE3B-033457F945B2}.Release|ARM.Build.0 = Release|Any CPU
		{9C99D8AF-9F39-403B-BE3B-033457F945B2}.Release|ARM64.ActiveCfg = Release|Any CPU
		{9C99D8AF-9F39-403B-BE3B-033457F945B2}.Release|ARM64.Build.0 = Release|Any CPU
		{9C99D8AF-9F39-403B-BE3B-033457F945B2}.Release|iPhone.ActiveCfg = Release|Any CPU
		{9C99D8AF-9F39-403B-BE3B-033457F945B2}.Release|iPhone.Build.0 = Release|Any CPU
		{9C99D8AF-9F39-403B-BE3B-033457F945B2}.Release|iPhoneSimulator.ActiveCfg = Release|Any CPU
		{9C99D8AF-9F39-403B-BE3B-033457F945B2}.Release|iPhoneSimulator.Build.0 = Release|Any CPU
		{9C99D8AF-9F39-403B-BE3B-033457F945B2}.Release|x64.ActiveCfg = Release|Any CPU
		{9C99D8AF-9F39-403B-BE3B-033457F945B2}.Release|x64.Build.0 = Release|Any CPU
		{9C99D8AF-9F39-403B-BE3B-033457F945B2}.Release|x86.ActiveCfg = Release|Any CPU
		{9C99D8AF-9F39-403B-BE3B-033457F945B2}.Release|x86.Build.0 = Release|Any CPU
		{ECA30D3E-A7A4-402C-998B-37AC0214936C}.Ad-Hoc|Any CPU.ActiveCfg = Debug|Any CPU
		{ECA30D3E-A7A4-402C-998B-37AC0214936C}.Ad-Hoc|Any CPU.Build.0 = Debug|Any CPU
		{ECA30D3E-A7A4-402C-998B-37AC0214936C}.Ad-Hoc|ARM.ActiveCfg = Debug|Any CPU
		{ECA30D3E-A7A4-402C-998B-37AC0214936C}.Ad-Hoc|ARM.Build.0 = Debug|Any CPU
		{ECA30D3E-A7A4-402C-998B-37AC0214936C}.Ad-Hoc|ARM64.ActiveCfg = Debug|Any CPU
		{ECA30D3E-A7A4-402C-998B-37AC0214936C}.Ad-Hoc|ARM64.Build.0 = Debug|Any CPU
		{ECA30D3E-A7A4-402C-998B-37AC0214936C}.Ad-Hoc|iPhone.ActiveCfg = Debug|Any CPU
		{ECA30D3E-A7A4-402C-998B-37AC0214936C}.Ad-Hoc|iPhone.Build.0 = Debug|Any CPU
		{ECA30D3E-A7A4-402C-998B-37AC0214936C}.Ad-Hoc|iPhoneSimulator.ActiveCfg = Debug|Any CPU
		{ECA30D3E-A7A4-402C-998B-37AC0214936C}.Ad-Hoc|iPhoneSimulator.Build.0 = Debug|Any CPU
		{ECA30D3E-A7A4-402C-998B-37AC0214936C}.Ad-Hoc|x64.ActiveCfg = Debug|Any CPU
		{ECA30D3E-A7A4-402C-998B-37AC0214936C}.Ad-Hoc|x64.Build.0 = Debug|Any CPU
		{ECA30D3E-A7A4-402C-998B-37AC0214936C}.Ad-Hoc|x86.ActiveCfg = Debug|Any CPU
		{ECA30D3E-A7A4-402C-998B-37AC0214936C}.Ad-Hoc|x86.Build.0 = Debug|Any CPU
		{ECA30D3E-A7A4-402C-998B-37AC0214936C}.AppStore|Any CPU.ActiveCfg = Debug|Any CPU
		{ECA30D3E-A7A4-402C-998B-37AC0214936C}.AppStore|Any CPU.Build.0 = Debug|Any CPU
		{ECA30D3E-A7A4-402C-998B-37AC0214936C}.AppStore|ARM.ActiveCfg = Debug|Any CPU
		{ECA30D3E-A7A4-402C-998B-37AC0214936C}.AppStore|ARM.Build.0 = Debug|Any CPU
		{ECA30D3E-A7A4-402C-998B-37AC0214936C}.AppStore|ARM64.ActiveCfg = Debug|Any CPU
		{ECA30D3E-A7A4-402C-998B-37AC0214936C}.AppStore|ARM64.Build.0 = Debug|Any CPU
		{ECA30D3E-A7A4-402C-998B-37AC0214936C}.AppStore|iPhone.ActiveCfg = Debug|Any CPU
		{ECA30D3E-A7A4-402C-998B-37AC0214936C}.AppStore|iPhone.Build.0 = Debug|Any CPU
		{ECA30D3E-A7A4-402C-998B-37AC0214936C}.AppStore|iPhoneSimulator.ActiveCfg = Debug|Any CPU
		{ECA30D3E-A7A4-402C-998B-37AC0214936C}.AppStore|iPhoneSimulator.Build.0 = Debug|Any CPU
		{ECA30D3E-A7A4-402C-998B-37AC0214936C}.AppStore|x64.ActiveCfg = Debug|Any CPU
		{ECA30D3E-A7A4-402C-998B-37AC0214936C}.AppStore|x64.Build.0 = Debug|Any CPU
		{ECA30D3E-A7A4-402C-998B-37AC0214936C}.AppStore|x86.ActiveCfg = Debug|Any CPU
		{ECA30D3E-A7A4-402C-998B-37AC0214936C}.AppStore|x86.Build.0 = Debug|Any CPU
		{ECA30D3E-A7A4-402C-998B-37AC0214936C}.Debug|Any CPU.ActiveCfg = Debug|Any CPU
		{ECA30D3E-A7A4-402C-998B-37AC0214936C}.Debug|Any CPU.Build.0 = Debug|Any CPU
		{ECA30D3E-A7A4-402C-998B-37AC0214936C}.Debug|ARM.ActiveCfg = Debug|Any CPU
		{ECA30D3E-A7A4-402C-998B-37AC0214936C}.Debug|ARM.Build.0 = Debug|Any CPU
		{ECA30D3E-A7A4-402C-998B-37AC0214936C}.Debug|ARM64.ActiveCfg = Debug|Any CPU
		{ECA30D3E-A7A4-402C-998B-37AC0214936C}.Debug|ARM64.Build.0 = Debug|Any CPU
		{ECA30D3E-A7A4-402C-998B-37AC0214936C}.Debug|iPhone.ActiveCfg = Debug|Any CPU
		{ECA30D3E-A7A4-402C-998B-37AC0214936C}.Debug|iPhone.Build.0 = Debug|Any CPU
		{ECA30D3E-A7A4-402C-998B-37AC0214936C}.Debug|iPhoneSimulator.ActiveCfg = Debug|Any CPU
		{ECA30D3E-A7A4-402C-998B-37AC0214936C}.Debug|iPhoneSimulator.Build.0 = Debug|Any CPU
		{ECA30D3E-A7A4-402C-998B-37AC0214936C}.Debug|x64.ActiveCfg = Debug|Any CPU
		{ECA30D3E-A7A4-402C-998B-37AC0214936C}.Debug|x64.Build.0 = Debug|Any CPU
		{ECA30D3E-A7A4-402C-998B-37AC0214936C}.Debug|x86.ActiveCfg = Debug|Any CPU
		{ECA30D3E-A7A4-402C-998B-37AC0214936C}.Debug|x86.Build.0 = Debug|Any CPU
		{ECA30D3E-A7A4-402C-998B-37AC0214936C}.Release|Any CPU.ActiveCfg = Release|Any CPU
		{ECA30D3E-A7A4-402C-998B-37AC0214936C}.Release|Any CPU.Build.0 = Release|Any CPU
		{ECA30D3E-A7A4-402C-998B-37AC0214936C}.Release|ARM.ActiveCfg = Release|Any CPU
		{ECA30D3E-A7A4-402C-998B-37AC0214936C}.Release|ARM.Build.0 = Release|Any CPU
		{ECA30D3E-A7A4-402C-998B-37AC0214936C}.Release|ARM64.ActiveCfg = Release|Any CPU
		{ECA30D3E-A7A4-402C-998B-37AC0214936C}.Release|ARM64.Build.0 = Release|Any CPU
		{ECA30D3E-A7A4-402C-998B-37AC0214936C}.Release|iPhone.ActiveCfg = Release|Any CPU
		{ECA30D3E-A7A4-402C-998B-37AC0214936C}.Release|iPhone.Build.0 = Release|Any CPU
		{ECA30D3E-A7A4-402C-998B-37AC0214936C}.Release|iPhoneSimulator.ActiveCfg = Release|Any CPU
		{ECA30D3E-A7A4-402C-998B-37AC0214936C}.Release|iPhoneSimulator.Build.0 = Release|Any CPU
		{ECA30D3E-A7A4-402C-998B-37AC0214936C}.Release|x64.ActiveCfg = Release|Any CPU
		{ECA30D3E-A7A4-402C-998B-37AC0214936C}.Release|x64.Build.0 = Release|Any CPU
		{ECA30D3E-A7A4-402C-998B-37AC0214936C}.Release|x86.ActiveCfg = Release|Any CPU
		{ECA30D3E-A7A4-402C-998B-37AC0214936C}.Release|x86.Build.0 = Release|Any CPU
		{EF9BB0F4-71A7-46C4-93D2-4D262F655E4D}.Ad-Hoc|Any CPU.ActiveCfg = Debug|Any CPU
		{EF9BB0F4-71A7-46C4-93D2-4D262F655E4D}.Ad-Hoc|Any CPU.Build.0 = Debug|Any CPU
		{EF9BB0F4-71A7-46C4-93D2-4D262F655E4D}.Ad-Hoc|ARM.ActiveCfg = Debug|Any CPU
		{EF9BB0F4-71A7-46C4-93D2-4D262F655E4D}.Ad-Hoc|ARM.Build.0 = Debug|Any CPU
		{EF9BB0F4-71A7-46C4-93D2-4D262F655E4D}.Ad-Hoc|ARM64.ActiveCfg = Debug|Any CPU
		{EF9BB0F4-71A7-46C4-93D2-4D262F655E4D}.Ad-Hoc|ARM64.Build.0 = Debug|Any CPU
		{EF9BB0F4-71A7-46C4-93D2-4D262F655E4D}.Ad-Hoc|iPhone.ActiveCfg = Debug|Any CPU
		{EF9BB0F4-71A7-46C4-93D2-4D262F655E4D}.Ad-Hoc|iPhone.Build.0 = Debug|Any CPU
		{EF9BB0F4-71A7-46C4-93D2-4D262F655E4D}.Ad-Hoc|iPhoneSimulator.ActiveCfg = Debug|Any CPU
		{EF9BB0F4-71A7-46C4-93D2-4D262F655E4D}.Ad-Hoc|iPhoneSimulator.Build.0 = Debug|Any CPU
		{EF9BB0F4-71A7-46C4-93D2-4D262F655E4D}.Ad-Hoc|x64.ActiveCfg = Debug|Any CPU
		{EF9BB0F4-71A7-46C4-93D2-4D262F655E4D}.Ad-Hoc|x64.Build.0 = Debug|Any CPU
		{EF9BB0F4-71A7-46C4-93D2-4D262F655E4D}.Ad-Hoc|x86.ActiveCfg = Debug|Any CPU
		{EF9BB0F4-71A7-46C4-93D2-4D262F655E4D}.Ad-Hoc|x86.Build.0 = Debug|Any CPU
		{EF9BB0F4-71A7-46C4-93D2-4D262F655E4D}.AppStore|Any CPU.ActiveCfg = Debug|Any CPU
		{EF9BB0F4-71A7-46C4-93D2-4D262F655E4D}.AppStore|Any CPU.Build.0 = Debug|Any CPU
		{EF9BB0F4-71A7-46C4-93D2-4D262F655E4D}.AppStore|ARM.ActiveCfg = Debug|Any CPU
		{EF9BB0F4-71A7-46C4-93D2-4D262F655E4D}.AppStore|ARM.Build.0 = Debug|Any CPU
		{EF9BB0F4-71A7-46C4-93D2-4D262F655E4D}.AppStore|ARM64.ActiveCfg = Debug|Any CPU
		{EF9BB0F4-71A7-46C4-93D2-4D262F655E4D}.AppStore|ARM64.Build.0 = Debug|Any CPU
		{EF9BB0F4-71A7-46C4-93D2-4D262F655E4D}.AppStore|iPhone.ActiveCfg = Debug|Any CPU
		{EF9BB0F4-71A7-46C4-93D2-4D262F655E4D}.AppStore|iPhone.Build.0 = Debug|Any CPU
		{EF9BB0F4-71A7-46C4-93D2-4D262F655E4D}.AppStore|iPhoneSimulator.ActiveCfg = Debug|Any CPU
		{EF9BB0F4-71A7-46C4-93D2-4D262F655E4D}.AppStore|iPhoneSimulator.Build.0 = Debug|Any CPU
		{EF9BB0F4-71A7-46C4-93D2-4D262F655E4D}.AppStore|x64.ActiveCfg = Debug|Any CPU
		{EF9BB0F4-71A7-46C4-93D2-4D262F655E4D}.AppStore|x64.Build.0 = Debug|Any CPU
		{EF9BB0F4-71A7-46C4-93D2-4D262F655E4D}.AppStore|x86.ActiveCfg = Debug|Any CPU
		{EF9BB0F4-71A7-46C4-93D2-4D262F655E4D}.AppStore|x86.Build.0 = Debug|Any CPU
		{EF9BB0F4-71A7-46C4-93D2-4D262F655E4D}.Debug|Any CPU.ActiveCfg = Debug|Any CPU
		{EF9BB0F4-71A7-46C4-93D2-4D262F655E4D}.Debug|Any CPU.Build.0 = Debug|Any CPU
		{EF9BB0F4-71A7-46C4-93D2-4D262F655E4D}.Debug|ARM.ActiveCfg = Debug|Any CPU
		{EF9BB0F4-71A7-46C4-93D2-4D262F655E4D}.Debug|ARM.Build.0 = Debug|Any CPU
		{EF9BB0F4-71A7-46C4-93D2-4D262F655E4D}.Debug|ARM64.ActiveCfg = Debug|Any CPU
		{EF9BB0F4-71A7-46C4-93D2-4D262F655E4D}.Debug|ARM64.Build.0 = Debug|Any CPU
		{EF9BB0F4-71A7-46C4-93D2-4D262F655E4D}.Debug|iPhone.ActiveCfg = Debug|Any CPU
		{EF9BB0F4-71A7-46C4-93D2-4D262F655E4D}.Debug|iPhone.Build.0 = Debug|Any CPU
		{EF9BB0F4-71A7-46C4-93D2-4D262F655E4D}.Debug|iPhoneSimulator.ActiveCfg = Debug|Any CPU
		{EF9BB0F4-71A7-46C4-93D2-4D262F655E4D}.Debug|iPhoneSimulator.Build.0 = Debug|Any CPU
		{EF9BB0F4-71A7-46C4-93D2-4D262F655E4D}.Debug|x64.ActiveCfg = Debug|Any CPU
		{EF9BB0F4-71A7-46C4-93D2-4D262F655E4D}.Debug|x64.Build.0 = Debug|Any CPU
		{EF9BB0F4-71A7-46C4-93D2-4D262F655E4D}.Debug|x86.ActiveCfg = Debug|Any CPU
		{EF9BB0F4-71A7-46C4-93D2-4D262F655E4D}.Debug|x86.Build.0 = Debug|Any CPU
		{EF9BB0F4-71A7-46C4-93D2-4D262F655E4D}.Release|Any CPU.ActiveCfg = Release|Any CPU
		{EF9BB0F4-71A7-46C4-93D2-4D262F655E4D}.Release|Any CPU.Build.0 = Release|Any CPU
		{EF9BB0F4-71A7-46C4-93D2-4D262F655E4D}.Release|ARM.ActiveCfg = Release|Any CPU
		{EF9BB0F4-71A7-46C4-93D2-4D262F655E4D}.Release|ARM.Build.0 = Release|Any CPU
		{EF9BB0F4-71A7-46C4-93D2-4D262F655E4D}.Release|ARM64.ActiveCfg = Release|Any CPU
		{EF9BB0F4-71A7-46C4-93D2-4D262F655E4D}.Release|ARM64.Build.0 = Release|Any CPU
		{EF9BB0F4-71A7-46C4-93D2-4D262F655E4D}.Release|iPhone.ActiveCfg = Release|Any CPU
		{EF9BB0F4-71A7-46C4-93D2-4D262F655E4D}.Release|iPhone.Build.0 = Release|Any CPU
		{EF9BB0F4-71A7-46C4-93D2-4D262F655E4D}.Release|iPhoneSimulator.ActiveCfg = Release|Any CPU
		{EF9BB0F4-71A7-46C4-93D2-4D262F655E4D}.Release|iPhoneSimulator.Build.0 = Release|Any CPU
		{EF9BB0F4-71A7-46C4-93D2-4D262F655E4D}.Release|x64.ActiveCfg = Release|Any CPU
		{EF9BB0F4-71A7-46C4-93D2-4D262F655E4D}.Release|x64.Build.0 = Release|Any CPU
		{EF9BB0F4-71A7-46C4-93D2-4D262F655E4D}.Release|x86.ActiveCfg = Release|Any CPU
		{EF9BB0F4-71A7-46C4-93D2-4D262F655E4D}.Release|x86.Build.0 = Release|Any CPU
		{F00FE97C-9664-4170-8C70-5487985AD1A0}.Ad-Hoc|Any CPU.ActiveCfg = Debug|Any CPU
		{F00FE97C-9664-4170-8C70-5487985AD1A0}.Ad-Hoc|Any CPU.Build.0 = Debug|Any CPU
		{F00FE97C-9664-4170-8C70-5487985AD1A0}.Ad-Hoc|ARM.ActiveCfg = Debug|Any CPU
		{F00FE97C-9664-4170-8C70-5487985AD1A0}.Ad-Hoc|ARM.Build.0 = Debug|Any CPU
		{F00FE97C-9664-4170-8C70-5487985AD1A0}.Ad-Hoc|ARM64.ActiveCfg = Debug|Any CPU
		{F00FE97C-9664-4170-8C70-5487985AD1A0}.Ad-Hoc|ARM64.Build.0 = Debug|Any CPU
		{F00FE97C-9664-4170-8C70-5487985AD1A0}.Ad-Hoc|iPhone.ActiveCfg = Debug|Any CPU
		{F00FE97C-9664-4170-8C70-5487985AD1A0}.Ad-Hoc|iPhone.Build.0 = Debug|Any CPU
		{F00FE97C-9664-4170-8C70-5487985AD1A0}.Ad-Hoc|iPhoneSimulator.ActiveCfg = Debug|Any CPU
		{F00FE97C-9664-4170-8C70-5487985AD1A0}.Ad-Hoc|iPhoneSimulator.Build.0 = Debug|Any CPU
		{F00FE97C-9664-4170-8C70-5487985AD1A0}.Ad-Hoc|x64.ActiveCfg = Debug|Any CPU
		{F00FE97C-9664-4170-8C70-5487985AD1A0}.Ad-Hoc|x64.Build.0 = Debug|Any CPU
		{F00FE97C-9664-4170-8C70-5487985AD1A0}.Ad-Hoc|x86.ActiveCfg = Debug|Any CPU
		{F00FE97C-9664-4170-8C70-5487985AD1A0}.Ad-Hoc|x86.Build.0 = Debug|Any CPU
		{F00FE97C-9664-4170-8C70-5487985AD1A0}.AppStore|Any CPU.ActiveCfg = Debug|Any CPU
		{F00FE97C-9664-4170-8C70-5487985AD1A0}.AppStore|Any CPU.Build.0 = Debug|Any CPU
		{F00FE97C-9664-4170-8C70-5487985AD1A0}.AppStore|ARM.ActiveCfg = Debug|Any CPU
		{F00FE97C-9664-4170-8C70-5487985AD1A0}.AppStore|ARM.Build.0 = Debug|Any CPU
		{F00FE97C-9664-4170-8C70-5487985AD1A0}.AppStore|ARM64.ActiveCfg = Debug|Any CPU
		{F00FE97C-9664-4170-8C70-5487985AD1A0}.AppStore|ARM64.Build.0 = Debug|Any CPU
		{F00FE97C-9664-4170-8C70-5487985AD1A0}.AppStore|iPhone.ActiveCfg = Debug|Any CPU
		{F00FE97C-9664-4170-8C70-5487985AD1A0}.AppStore|iPhone.Build.0 = Debug|Any CPU
		{F00FE97C-9664-4170-8C70-5487985AD1A0}.AppStore|iPhoneSimulator.ActiveCfg = Debug|Any CPU
		{F00FE97C-9664-4170-8C70-5487985AD1A0}.AppStore|iPhoneSimulator.Build.0 = Debug|Any CPU
		{F00FE97C-9664-4170-8C70-5487985AD1A0}.AppStore|x64.ActiveCfg = Debug|Any CPU
		{F00FE97C-9664-4170-8C70-5487985AD1A0}.AppStore|x64.Build.0 = Debug|Any CPU
		{F00FE97C-9664-4170-8C70-5487985AD1A0}.AppStore|x86.ActiveCfg = Debug|Any CPU
		{F00FE97C-9664-4170-8C70-5487985AD1A0}.AppStore|x86.Build.0 = Debug|Any CPU
		{F00FE97C-9664-4170-8C70-5487985AD1A0}.Debug|Any CPU.ActiveCfg = Debug|Any CPU
		{F00FE97C-9664-4170-8C70-5487985AD1A0}.Debug|Any CPU.Build.0 = Debug|Any CPU
		{F00FE97C-9664-4170-8C70-5487985AD1A0}.Debug|ARM.ActiveCfg = Debug|Any CPU
		{F00FE97C-9664-4170-8C70-5487985AD1A0}.Debug|ARM.Build.0 = Debug|Any CPU
		{F00FE97C-9664-4170-8C70-5487985AD1A0}.Debug|ARM64.ActiveCfg = Debug|Any CPU
		{F00FE97C-9664-4170-8C70-5487985AD1A0}.Debug|ARM64.Build.0 = Debug|Any CPU
		{F00FE97C-9664-4170-8C70-5487985AD1A0}.Debug|iPhone.ActiveCfg = Debug|Any CPU
		{F00FE97C-9664-4170-8C70-5487985AD1A0}.Debug|iPhone.Build.0 = Debug|Any CPU
		{F00FE97C-9664-4170-8C70-5487985AD1A0}.Debug|iPhoneSimulator.ActiveCfg = Debug|Any CPU
		{F00FE97C-9664-4170-8C70-5487985AD1A0}.Debug|iPhoneSimulator.Build.0 = Debug|Any CPU
		{F00FE97C-9664-4170-8C70-5487985AD1A0}.Debug|x64.ActiveCfg = Debug|Any CPU
		{F00FE97C-9664-4170-8C70-5487985AD1A0}.Debug|x64.Build.0 = Debug|Any CPU
		{F00FE97C-9664-4170-8C70-5487985AD1A0}.Debug|x86.ActiveCfg = Debug|Any CPU
		{F00FE97C-9664-4170-8C70-5487985AD1A0}.Debug|x86.Build.0 = Debug|Any CPU
		{F00FE97C-9664-4170-8C70-5487985AD1A0}.Release|Any CPU.ActiveCfg = Release|Any CPU
		{F00FE97C-9664-4170-8C70-5487985AD1A0}.Release|Any CPU.Build.0 = Release|Any CPU
		{F00FE97C-9664-4170-8C70-5487985AD1A0}.Release|ARM.ActiveCfg = Release|Any CPU
		{F00FE97C-9664-4170-8C70-5487985AD1A0}.Release|ARM.Build.0 = Release|Any CPU
		{F00FE97C-9664-4170-8C70-5487985AD1A0}.Release|ARM64.ActiveCfg = Release|Any CPU
		{F00FE97C-9664-4170-8C70-5487985AD1A0}.Release|ARM64.Build.0 = Release|Any CPU
		{F00FE97C-9664-4170-8C70-5487985AD1A0}.Release|iPhone.ActiveCfg = Release|Any CPU
		{F00FE97C-9664-4170-8C70-5487985AD1A0}.Release|iPhone.Build.0 = Release|Any CPU
		{F00FE97C-9664-4170-8C70-5487985AD1A0}.Release|iPhoneSimulator.ActiveCfg = Release|Any CPU
		{F00FE97C-9664-4170-8C70-5487985AD1A0}.Release|iPhoneSimulator.Build.0 = Release|Any CPU
		{F00FE97C-9664-4170-8C70-5487985AD1A0}.Release|x64.ActiveCfg = Release|Any CPU
		{F00FE97C-9664-4170-8C70-5487985AD1A0}.Release|x64.Build.0 = Release|Any CPU
		{F00FE97C-9664-4170-8C70-5487985AD1A0}.Release|x86.ActiveCfg = Release|Any CPU
		{F00FE97C-9664-4170-8C70-5487985AD1A0}.Release|x86.Build.0 = Release|Any CPU
	EndGlobalSection
	GlobalSection(SolutionProperties) = preSolution
		HideSolutionNode = FALSE
	EndGlobalSection
	GlobalSection(NestedProjects) = preSolution
		{24E60658-ED4B-45CC-83D5-BB506D01C740} = {5ED002E7-5BF3-4081-8098-86243BC22965}
		{DD5E05F1-BD7A-423F-9F46-0251E19F1DF7} = {5ED002E7-5BF3-4081-8098-86243BC22965}
		{95CB3C84-142D-46A2-8EC7-EC1B8A549D25} = {5ED002E7-5BF3-4081-8098-86243BC22965}
		{4F5FE3B6-4037-4348-A28D-04B6E50DB906} = {5ED002E7-5BF3-4081-8098-86243BC22965}
		{C9B4AFCF-875D-4728-9A4D-4797D8278343} = {5ED002E7-5BF3-4081-8098-86243BC22965}
		{9C99D8AF-9F39-403B-BE3B-033457F945B2} = {5ED002E7-5BF3-4081-8098-86243BC22965}
		{ECA30D3E-A7A4-402C-998B-37AC0214936C} = {5ED002E7-5BF3-4081-8098-86243BC22965}
		{EF9BB0F4-71A7-46C4-93D2-4D262F655E4D} = {5ED002E7-5BF3-4081-8098-86243BC22965}
		{F00FE97C-9664-4170-8C70-5487985AD1A0} = {5ED002E7-5BF3-4081-8098-86243BC22965}
	EndGlobalSection
	GlobalSection(ExtensibilityGlobals) = postSolution
		SolutionGuid = {953236C3-0E8C-4203-B66A-4FCADD5ABCF7}
	EndGlobalSection
EndGlobal
